
Microsoft Visual Studio Solution File, Format Version 12.00
# Visual Studio Version 17
VisualStudioVersion = 17.7.34031.279
MinimumVisualStudioVersion = 10.0.40219.1
Project("{FAE04EC0-301F-11D3-BF4B-00C04F79EFBC}") = "exer_36", "exer_36\exer_36.csproj", "{480F7A4F-1F69-4828-9033-C12A81F3CAD1}"
EndProject
Global
	GlobalSection(SolutionConfigurationPlatforms) = preSolution
		Debug|Any CPU = Debug|Any CPU
		Release|Any CPU = Release|Any CPU
	EndGlobalSection
	GlobalSection(ProjectConfigurationPlatforms) = postSolution
		{480F7A4F-1F69-4828-9033-C12A81F3CAD1}.Debug|Any CPU.ActiveCfg = Debug|Any CPU
		{480F7A4F-1F69-4828-9033-C12A81F3CAD1}.Debug|Any CPU.Build.0 = Debug|Any CPU
		{480F7A4F-1F69-4828-9033-C12A81F3CAD1}.Release|Any CPU.ActiveCfg = Release|Any CPU
		{480F7A4F-1F69-4828-9033-C12A81F3CAD1}.Release|Any CPU.Build.0 = Release|Any CPU
	EndGlobalSection
	GlobalSection(SolutionProperties) = preSolution
		HideSolutionNode = FALSE
	EndGlobalSection
	GlobalSection(ExtensibilityGlobals) = postSolution
		SolutionGuid = {47058B8A-35F8-411E-8BE9-4E2385671DFF}
	EndGlobalSection
EndGlobal
