
Microsoft Visual Studio Solution File, Format Version 12.00
# Visual Studio Version 17
VisualStudioVersion = 17.7.34031.279
MinimumVisualStudioVersion = 10.0.40219.1
Project("{FAE04EC0-301F-11D3-BF4B-00C04F79EFBC}") = "exer_42", "exer_42\exer_42.csproj", "{BF967086-AE9A-486F-85A1-B608B9BAD407}"
EndProject
Global
	GlobalSection(SolutionConfigurationPlatforms) = preSolution
		Debug|Any CPU = Debug|Any CPU
		Release|Any CPU = Release|Any CPU
	EndGlobalSection
	GlobalSection(ProjectConfigurationPlatforms) = postSolution
		{BF967086-AE9A-486F-85A1-B608B9BAD407}.Debug|Any CPU.ActiveCfg = Debug|Any CPU
		{BF967086-AE9A-486F-85A1-B608B9BAD407}.Debug|Any CPU.Build.0 = Debug|Any CPU
		{BF967086-AE9A-486F-85A1-B608B9BAD407}.Release|Any CPU.ActiveCfg = Release|Any CPU
		{BF967086-AE9A-486F-85A1-B608B9BAD407}.Release|Any CPU.Build.0 = Release|Any CPU
	EndGlobalSection
	GlobalSection(SolutionProperties) = preSolution
		HideSolutionNode = FALSE
	EndGlobalSection
	GlobalSection(ExtensibilityGlobals) = postSolution
		SolutionGuid = {AC97DDE6-C2BC-49D2-8E41-075641957E40}
	EndGlobalSection
EndGlobal
